// !$*UTF8*$!
{
	archiveVersion = 1;
	classes = {
	};
	objectVersion = 56;
	objects = {

/* Begin PBXBuildFile section */
		D6550B1A2BD17D1000105610 /* pokemon.json in Resources */ = {isa = PBXBuildFile; fileRef = D6550B192BD17D1000105610 /* pokemon.json */; };
		D6550B1D2BD17DF700105610 /* Helpers.swift in Sources */ = {isa = PBXBuildFile; fileRef = D6550B1C2BD17DF700105610 /* Helpers.swift */; };
		D6550B202BD1822700105610 /* PokemonModel.swift in Sources */ = {isa = PBXBuildFile; fileRef = D6550B1F2BD1822700105610 /* PokemonModel.swift */; };
		D6550B262BD1835200105610 /* PokemonManager.swift in Sources */ = {isa = PBXBuildFile; fileRef = D6550B252BD1835200105610 /* PokemonManager.swift */; };
		D6A3E5DA2BD16E8500CB52B4 /* PokedexApp.swift in Sources */ = {isa = PBXBuildFile; fileRef = D6A3E5D92BD16E8500CB52B4 /* PokedexApp.swift */; };
		D6A3E5DC2BD16E8500CB52B4 /* ContentView.swift in Sources */ = {isa = PBXBuildFile; fileRef = D6A3E5DB2BD16E8500CB52B4 /* ContentView.swift */; };
		D6A3E5DE2BD16E8600CB52B4 /* Assets.xcassets in Resources */ = {isa = PBXBuildFile; fileRef = D6A3E5DD2BD16E8600CB52B4 /* Assets.xcassets */; };
		D6A3E5E22BD16E8600CB52B4 /* Preview Assets.xcassets in Resources */ = {isa = PBXBuildFile; fileRef = D6A3E5E12BD16E8600CB52B4 /* Preview Assets.xcassets */; };
		D6A3E5EC2BD16E8600CB52B4 /* PokedexTests.swift in Sources */ = {isa = PBXBuildFile; fileRef = D6A3E5EB2BD16E8600CB52B4 /* PokedexTests.swift */; };
		D6A3E5F62BD16E8600CB52B4 /* PokedexUITests.swift in Sources */ = {isa = PBXBuildFile; fileRef = D6A3E5F52BD16E8600CB52B4 /* PokedexUITests.swift */; };
		D6A3E5F82BD16E8600CB52B4 /* PokedexUITestsLaunchTests.swift in Sources */ = {isa = PBXBuildFile; fileRef = D6A3E5F72BD16E8600CB52B4 /* PokedexUITestsLaunchTests.swift */; };
/* End PBXBuildFile section */

/* Begin PBXContainerItemProxy section */
		D6A3E5E82BD16E8600CB52B4 /* PBXContainerItemProxy */ = {
			isa = PBXContainerItemProxy;
			containerPortal = D6A3E5CE2BD16E8500CB52B4 /* Project object */;
			proxyType = 1;
			remoteGlobalIDString = D6A3E5D52BD16E8500CB52B4;
			remoteInfo = Pokedex;
		};
		D6A3E5F22BD16E8600CB52B4 /* PBXContainerItemProxy */ = {
			isa = PBXContainerItemProxy;
			containerPortal = D6A3E5CE2BD16E8500CB52B4 /* Project object */;
			proxyType = 1;
			remoteGlobalIDString = D6A3E5D52BD16E8500CB52B4;
			remoteInfo = Pokedex;
		};
/* End PBXContainerItemProxy section */

/* Begin PBXFileReference section */
		D6550B192BD17D1000105610 /* pokemon.json */ = {isa = PBXFileReference; lastKnownFileType = text.json; path = pokemon.json; sourceTree = "<group>"; };
		D6550B1C2BD17DF700105610 /* Helpers.swift */ = {isa = PBXFileReference; lastKnownFileType = sourcecode.swift; path = Helpers.swift; sourceTree = "<group>"; };
		D6550B1F2BD1822700105610 /* PokemonModel.swift */ = {isa = PBXFileReference; lastKnownFileType = sourcecode.swift; path = PokemonModel.swift; sourceTree = "<group>"; };
		D6550B252BD1835200105610 /* PokemonManager.swift */ = {isa = PBXFileReference; lastKnownFileType = sourcecode.swift; path = PokemonManager.swift; sourceTree = "<group>"; };
		D6A3E5D62BD16E8500CB52B4 /* Pokedex.app */ = {isa = PBXFileReference; explicitFileType = wrapper.application; includeInIndex = 0; path = Pokedex.app; sourceTree = BUILT_PRODUCTS_DIR; };
		D6A3E5D92BD16E8500CB52B4 /* PokedexApp.swift */ = {isa = PBXFileReference; lastKnownFileType = sourcecode.swift; path = PokedexApp.swift; sourceTree = "<group>"; };
		D6A3E5DB2BD16E8500CB52B4 /* ContentView.swift */ = {isa = PBXFileReference; lastKnownFileType = sourcecode.swift; path = ContentView.swift; sourceTree = "<group>"; };
		D6A3E5DD2BD16E8600CB52B4 /* Assets.xcassets */ = {isa = PBXFileReference; lastKnownFileType = folder.assetcatalog; path = Assets.xcassets; sourceTree = "<group>"; };
		D6A3E5DF2BD16E8600CB52B4 /* Pokedex.entitlements */ = {isa = PBXFileReference; lastKnownFileType = text.plist.entitlements; path = Pokedex.entitlements; sourceTree = "<group>"; };
		D6A3E5E12BD16E8600CB52B4 /* Preview Assets.xcassets */ = {isa = PBXFileReference; lastKnownFileType = folder.assetcatalog; path = "Preview Assets.xcassets"; sourceTree = "<group>"; };
		D6A3E5E72BD16E8600CB52B4 /* PokedexTests.xctest */ = {isa = PBXFileReference; explicitFileType = wrapper.cfbundle; includeInIndex = 0; path = PokedexTests.xctest; sourceTree = BUILT_PRODUCTS_DIR; };
		D6A3E5EB2BD16E8600CB52B4 /* PokedexTests.swift */ = {isa = PBXFileReference; lastKnownFileType = sourcecode.swift; path = PokedexTests.swift; sourceTree = "<group>"; };
		D6A3E5F12BD16E8600CB52B4 /* PokedexUITests.xctest */ = {isa = PBXFileReference; explicitFileType = wrapper.cfbundle; includeInIndex = 0; path = PokedexUITests.xctest; sourceTree = BUILT_PRODUCTS_DIR; };
		D6A3E5F52BD16E8600CB52B4 /* PokedexUITests.swift */ = {isa = PBXFileReference; lastKnownFileType = sourcecode.swift; path = PokedexUITests.swift; sourceTree = "<group>"; };
		D6A3E5F72BD16E8600CB52B4 /* PokedexUITestsLaunchTests.swift */ = {isa = PBXFileReference; lastKnownFileType = sourcecode.swift; path = PokedexUITestsLaunchTests.swift; sourceTree = "<group>"; };
/* End PBXFileReference section */

/* Begin PBXFrameworksBuildPhase section */
		D6A3E5D32BD16E8500CB52B4 /* Frameworks */ = {
			isa = PBXFrameworksBuildPhase;
			buildActionMask = 2147483647;
			files = (
			);
			runOnlyForDeploymentPostprocessing = 0;
		};
		D6A3E5E42BD16E8600CB52B4 /* Frameworks */ = {
			isa = PBXFrameworksBuildPhase;
			buildActionMask = 2147483647;
			files = (
			);
			runOnlyForDeploymentPostprocessing = 0;
		};
		D6A3E5EE2BD16E8600CB52B4 /* Frameworks */ = {
			isa = PBXFrameworksBuildPhase;
			buildActionMask = 2147483647;
			files = (
			);
			runOnlyForDeploymentPostprocessing = 0;
		};
/* End PBXFrameworksBuildPhase section */

/* Begin PBXGroup section */
		D6550B172BD17CAD00105610 /* Data */ = {
			isa = PBXGroup;
			children = (
				D6550B192BD17D1000105610 /* pokemon.json */,
			);
			path = Data;
			sourceTree = "<group>";
		};
		D6550B1B2BD17DC500105610 /* Helpers */ = {
			isa = PBXGroup;
			children = (
				D6550B1C2BD17DF700105610 /* Helpers.swift */,
			);
			path = Helpers;
			sourceTree = "<group>";
		};
		D6550B1E2BD1820D00105610 /* Models */ = {
			isa = PBXGroup;
			children = (
				D6550B1F2BD1822700105610 /* PokemonModel.swift */,
			);
			path = Models;
			sourceTree = "<group>";
		};
		D6550B242BD1834200105610 /* Managers */ = {
			isa = PBXGroup;
			children = (
				D6550B252BD1835200105610 /* PokemonManager.swift */,
			);
			path = Managers;
			sourceTree = "<group>";
		};
		D6550B272BD1874500105610 /* Views */ = {
			isa = PBXGroup;
			children = (
				D6A3E5DB2BD16E8500CB52B4 /* ContentView.swift */,
			);
			path = Views;
			sourceTree = "<group>";
		};
		D6A3E5CD2BD16E8500CB52B4 = {
			isa = PBXGroup;
			children = (
				D6A3E5D82BD16E8500CB52B4 /* Pokedex */,
				D6A3E5EA2BD16E8600CB52B4 /* PokedexTests */,
				D6A3E5F42BD16E8600CB52B4 /* PokedexUITests */,
				D6A3E5D72BD16E8500CB52B4 /* Products */,
			);
			sourceTree = "<group>";
		};
		D6A3E5D72BD16E8500CB52B4 /* Products */ = {
			isa = PBXGroup;
			children = (
				D6A3E5D62BD16E8500CB52B4 /* Pokedex.app */,
				D6A3E5E72BD16E8600CB52B4 /* PokedexTests.xctest */,
				D6A3E5F12BD16E8600CB52B4 /* PokedexUITests.xctest */,
			);
			name = Products;
			sourceTree = "<group>";
		};
		D6A3E5D82BD16E8500CB52B4 /* Pokedex */ = {
			isa = PBXGroup;
			children = (
				D6A3E5D92BD16E8500CB52B4 /* PokedexApp.swift */,
				D6550B172BD17CAD00105610 /* Data */,
				D6550B1B2BD17DC500105610 /* Helpers */,
				D6550B242BD1834200105610 /* Managers */,
				D6550B1E2BD1820D00105610 /* Models */,
				D6550B272BD1874500105610 /* Views */,
				D6A3E5DD2BD16E8600CB52B4 /* Assets.xcassets */,
				D6A3E5DF2BD16E8600CB52B4 /* Pokedex.entitlements */,
				D6A3E5E02BD16E8600CB52B4 /* Preview Content */,
			);
			path = Pokedex;
			sourceTree = "<group>";
		};
		D6A3E5E02BD16E8600CB52B4 /* Preview Content */ = {
			isa = PBXGroup;
			children = (
				D6A3E5E12BD16E8600CB52B4 /* Preview Assets.xcassets */,
			);
			path = "Preview Content";
			sourceTree = "<group>";
		};
		D6A3E5EA2BD16E8600CB52B4 /* PokedexTests */ = {
			isa = PBXGroup;
			children = (
				D6A3E5EB2BD16E8600CB52B4 /* PokedexTests.swift */,
			);
			path = PokedexTests;
			sourceTree = "<group>";
		};
		D6A3E5F42BD16E8600CB52B4 /* PokedexUITests */ = {
			isa = PBXGroup;
			children = (
				D6A3E5F52BD16E8600CB52B4 /* PokedexUITests.swift */,
				D6A3E5F72BD16E8600CB52B4 /* PokedexUITestsLaunchTests.swift */,
			);
			path = PokedexUITests;
			sourceTree = "<group>";
		};
/* End PBXGroup section */

/* Begin PBXNativeTarget section */
		D6A3E5D52BD16E8500CB52B4 /* Pokedex */ = {
			isa = PBXNativeTarget;
			buildConfigurationList = D6A3E5FB2BD16E8600CB52B4 /* Build configuration list for PBXNativeTarget "Pokedex" */;
			buildPhases = (
				D6A3E5D22BD16E8500CB52B4 /* Sources */,
				D6A3E5D32BD16E8500CB52B4 /* Frameworks */,
				D6A3E5D42BD16E8500CB52B4 /* Resources */,
			);
			buildRules = (
			);
			dependencies = (
			);
			name = Pokedex;
			productName = Pokedex;
			productReference = D6A3E5D62BD16E8500CB52B4 /* Pokedex.app */;
			productType = "com.apple.product-type.application";
		};
		D6A3E5E62BD16E8600CB52B4 /* PokedexTests */ = {
			isa = PBXNativeTarget;
			buildConfigurationList = D6A3E5FE2BD16E8600CB52B4 /* Build configuration list for PBXNativeTarget "PokedexTests" */;
			buildPhases = (
				D6A3E5E32BD16E8600CB52B4 /* Sources */,
				D6A3E5E42BD16E8600CB52B4 /* Frameworks */,
				D6A3E5E52BD16E8600CB52B4 /* Resources */,
			);
			buildRules = (
			);
			dependencies = (
				D6A3E5E92BD16E8600CB52B4 /* PBXTargetDependency */,
			);
			name = PokedexTests;
			productName = PokedexTests;
			productReference = D6A3E5E72BD16E8600CB52B4 /* PokedexTests.xctest */;
			productType = "com.apple.product-type.bundle.unit-test";
		};
		D6A3E5F02BD16E8600CB52B4 /* PokedexUITests */ = {
			isa = PBXNativeTarget;
			buildConfigurationList = D6A3E6012BD16E8600CB52B4 /* Build configuration list for PBXNativeTarget "PokedexUITests" */;
			buildPhases = (
				D6A3E5ED2BD16E8600CB52B4 /* Sources */,
				D6A3E5EE2BD16E8600CB52B4 /* Frameworks */,
				D6A3E5EF2BD16E8600CB52B4 /* Resources */,
			);
			buildRules = (
			);
			dependencies = (
				D6A3E5F32BD16E8600CB52B4 /* PBXTargetDependency */,
			);
			name = PokedexUITests;
			productName = PokedexUITests;
			productReference = D6A3E5F12BD16E8600CB52B4 /* PokedexUITests.xctest */;
			productType = "com.apple.product-type.bundle.ui-testing";
		};
/* End PBXNativeTarget section */

/* Begin PBXProject section */
		D6A3E5CE2BD16E8500CB52B4 /* Project object */ = {
			isa = PBXProject;
			attributes = {
				BuildIndependentTargetsInParallel = 1;
				LastSwiftUpdateCheck = 1500;
				LastUpgradeCheck = 1500;
				TargetAttributes = {
					D6A3E5D52BD16E8500CB52B4 = {
						CreatedOnToolsVersion = 15.0.1;
					};
					D6A3E5E62BD16E8600CB52B4 = {
						CreatedOnToolsVersion = 15.0.1;
						TestTargetID = D6A3E5D52BD16E8500CB52B4;
					};
					D6A3E5F02BD16E8600CB52B4 = {
						CreatedOnToolsVersion = 15.0.1;
						TestTargetID = D6A3E5D52BD16E8500CB52B4;
					};
				};
			};
			buildConfigurationList = D6A3E5D12BD16E8500CB52B4 /* Build configuration list for PBXProject "Pokedex" */;
			compatibilityVersion = "Xcode 14.0";
			developmentRegion = en;
			hasScannedForEncodings = 0;
			knownRegions = (
				en,
				Base,
			);
			mainGroup = D6A3E5CD2BD16E8500CB52B4;
			productRefGroup = D6A3E5D72BD16E8500CB52B4 /* Products */;
			projectDirPath = "";
			projectRoot = "";
			targets = (
				D6A3E5D52BD16E8500CB52B4 /* Pokedex */,
				D6A3E5E62BD16E8600CB52B4 /* PokedexTests */,
				D6A3E5F02BD16E8600CB52B4 /* PokedexUITests */,
			);
		};
/* End PBXProject section */

/* Begin PBXResourcesBuildPhase section */
		D6A3E5D42BD16E8500CB52B4 /* Resources */ = {
			isa = PBXResourcesBuildPhase;
			buildActionMask = 2147483647;
			files = (
				D6A3E5E22BD16E8600CB52B4 /* Preview Assets.xcassets in Resources */,
				D6550B1A2BD17D1000105610 /* pokemon.json in Resources */,
				D6A3E5DE2BD16E8600CB52B4 /* Assets.xcassets in Resources */,
			);
			runOnlyForDeploymentPostprocessing = 0;
		};
		D6A3E5E52BD16E8600CB52B4 /* Resources */ = {
			isa = PBXResourcesBuildPhase;
			buildActionMask = 2147483647;
			files = (
			);
			runOnlyForDeploymentPostprocessing = 0;
		};
		D6A3E5EF2BD16E8600CB52B4 /* Resources */ = {
			isa = PBXResourcesBuildPhase;
			buildActionMask = 2147483647;
			files = (
			);
			runOnlyForDeploymentPostprocessing = 0;
		};
/* End PBXResourcesBuildPhase section */

/* Begin PBXSourcesBuildPhase section */
		D6A3E5D22BD16E8500CB52B4 /* Sources */ = {
			isa = PBXSourcesBuildPhase;
			buildActionMask = 2147483647;
			files = (
				D6550B262BD1835200105610 /* PokemonManager.swift in Sources */,
				D6A3E5DC2BD16E8500CB52B4 /* ContentView.swift in Sources */,
				D6550B1D2BD17DF700105610 /* Helpers.swift in Sources */,
				D6A3E5DA2BD16E8500CB52B4 /* PokedexApp.swift in Sources */,
				D6550B202BD1822700105610 /* PokemonModel.swift in Sources */,
			);
			runOnlyForDeploymentPostprocessing = 0;
		};
		D6A3E5E32BD16E8600CB52B4 /* Sources */ = {
			isa = PBXSourcesBuildPhase;
			buildActionMask = 2147483647;
			files = (
				D6A3E5EC2BD16E8600CB52B4 /* PokedexTests.swift in Sources */,
			);
			runOnlyForDeploymentPostprocessing = 0;
		};
		D6A3E5ED2BD16E8600CB52B4 /* Sources */ = {
			isa = PBXSourcesBuildPhase;
			buildActionMask = 2147483647;
			files = (
				D6A3E5F62BD16E8600CB52B4 /* PokedexUITests.swift in Sources */,
				D6A3E5F82BD16E8600CB52B4 /* PokedexUITestsLaunchTests.swift in Sources */,
			);
			runOnlyForDeploymentPostprocessing = 0;
		};
/* End PBXSourcesBuildPhase section */

/* Begin PBXTargetDependency section */
		D6A3E5E92BD16E8600CB52B4 /* PBXTargetDependency */ = {
			isa = PBXTargetDependency;
			target = D6A3E5D52BD16E8500CB52B4 /* Pokedex */;
			targetProxy = D6A3E5E82BD16E8600CB52B4 /* PBXContainerItemProxy */;
		};
		D6A3E5F32BD16E8600CB52B4 /* PBXTargetDependency */ = {
			isa = PBXTargetDependency;
			target = D6A3E5D52BD16E8500CB52B4 /* Pokedex */;
			targetProxy = D6A3E5F22BD16E8600CB52B4 /* PBXContainerItemProxy */;
		};
/* End PBXTargetDependency section */

/* Begin XCBuildConfiguration section */
		D6A3E5F92BD16E8600CB52B4 /* Debug */ = {
			isa = XCBuildConfiguration;
			buildSettings = {
				ALWAYS_SEARCH_USER_PATHS = NO;
				ASSETCATALOG_COMPILER_GENERATE_SWIFT_ASSET_SYMBOL_EXTENSIONS = YES;
				CLANG_ANALYZER_NONNULL = YES;
				CLANG_ANALYZER_NUMBER_OBJECT_CONVERSION = YES_AGGRESSIVE;
				CLANG_CXX_LANGUAGE_STANDARD = "gnu++20";
				CLANG_ENABLE_MODULES = YES;
				CLANG_ENABLE_OBJC_ARC = YES;
				CLANG_ENABLE_OBJC_WEAK = YES;
				CLANG_WARN_BLOCK_CAPTURE_AUTORELEASING = YES;
				CLANG_WARN_BOOL_CONVERSION = YES;
				CLANG_WARN_COMMA = YES;
				CLANG_WARN_CONSTANT_CONVERSION = YES;
				CLANG_WARN_DEPRECATED_OBJC_IMPLEMENTATIONS = YES;
				CLANG_WARN_DIRECT_OBJC_ISA_USAGE = YES_ERROR;
				CLANG_WARN_DOCUMENTATION_COMMENTS = YES;
				CLANG_WARN_EMPTY_BODY = YES;
				CLANG_WARN_ENUM_CONVERSION = YES;
				CLANG_WARN_INFINITE_RECURSION = YES;
				CLANG_WARN_INT_CONVERSION = YES;
				CLANG_WARN_NON_LITERAL_NULL_CONVERSION = YES;
				CLANG_WARN_OBJC_IMPLICIT_RETAIN_SELF = YES;
				CLANG_WARN_OBJC_LITERAL_CONVERSION = YES;
				CLANG_WARN_OBJC_ROOT_CLASS = YES_ERROR;
				CLANG_WARN_QUOTED_INCLUDE_IN_FRAMEWORK_HEADER = YES;
				CLANG_WARN_RANGE_LOOP_ANALYSIS = YES;
				CLANG_WARN_STRICT_PROTOTYPES = YES;
				CLANG_WARN_SUSPICIOUS_MOVE = YES;
				CLANG_WARN_UNGUARDED_AVAILABILITY = YES_AGGRESSIVE;
				CLANG_WARN_UNREACHABLE_CODE = YES;
				CLANG_WARN__DUPLICATE_METHOD_MATCH = YES;
				COPY_PHASE_STRIP = NO;
				DEBUG_INFORMATION_FORMAT = dwarf;
				ENABLE_STRICT_OBJC_MSGSEND = YES;
				ENABLE_TESTABILITY = YES;
				ENABLE_USER_SCRIPT_SANDBOXING = YES;
				GCC_C_LANGUAGE_STANDARD = gnu17;
				GCC_DYNAMIC_NO_PIC = NO;
				GCC_NO_COMMON_BLOCKS = YES;
				GCC_OPTIMIZATION_LEVEL = 0;
				GCC_PREPROCESSOR_DEFINITIONS = (
					"DEBUG=1",
					"$(inherited)",
				);
				GCC_WARN_64_TO_32_BIT_CONVERSION = YES;
				GCC_WARN_ABOUT_RETURN_TYPE = YES_ERROR;
				GCC_WARN_UNDECLARED_SELECTOR = YES;
				GCC_WARN_UNINITIALIZED_AUTOS = YES_AGGRESSIVE;
				GCC_WARN_UNUSED_FUNCTION = YES;
				GCC_WARN_UNUSED_VARIABLE = YES;
				LOCALIZATION_PREFERS_STRING_CATALOGS = YES;
				MTL_ENABLE_DEBUG_INFO = INCLUDE_SOURCE;
				MTL_FAST_MATH = YES;
				ONLY_ACTIVE_ARCH = YES;
				SWIFT_ACTIVE_COMPILATION_CONDITIONS = "DEBUG $(inherited)";
				SWIFT_OPTIMIZATION_LEVEL = "-Onone";
			};
			name = Debug;
		};
		D6A3E5FA2BD16E8600CB52B4 /* Release */ = {
			isa = XCBuildConfiguration;
			buildSettings = {
				ALWAYS_SEARCH_USER_PATHS = NO;
				ASSETCATALOG_COMPILER_GENERATE_SWIFT_ASSET_SYMBOL_EXTENSIONS = YES;
				CLANG_ANALYZER_NONNULL = YES;
				CLANG_ANALYZER_NUMBER_OBJECT_CONVERSION = YES_AGGRESSIVE;
				CLANG_CXX_LANGUAGE_STANDARD = "gnu++20";
				CLANG_ENABLE_MODULES = YES;
				CLANG_ENABLE_OBJC_ARC = YES;
				CLANG_ENABLE_OBJC_WEAK = YES;
				CLANG_WARN_BLOCK_CAPTURE_AUTORELEASING = YES;
				CLANG_WARN_BOOL_CONVERSION = YES;
				CLANG_WARN_COMMA = YES;
				CLANG_WARN_CONSTANT_CONVERSION = YES;
				CLANG_WARN_DEPRECATED_OBJC_IMPLEMENTATIONS = YES;
				CLANG_WARN_DIRECT_OBJC_ISA_USAGE = YES_ERROR;
				CLANG_WARN_DOCUMENTATION_COMMENTS = YES;
				CLANG_WARN_EMPTY_BODY = YES;
				CLANG_WARN_ENUM_CONVERSION = YES;
				CLANG_WARN_INFINITE_RECURSION = YES;
				CLANG_WARN_INT_CONVERSION = YES;
				CLANG_WARN_NON_LITERAL_NULL_CONVERSION = YES;
				CLANG_WARN_OBJC_IMPLICIT_RETAIN_SELF = YES;
				CLANG_WARN_OBJC_LITERAL_CONVERSION = YES;
				CLANG_WARN_OBJC_ROOT_CLASS = YES_ERROR;
				CLANG_WARN_QUOTED_INCLUDE_IN_FRAMEWORK_HEADER = YES;
				CLANG_WARN_RANGE_LOOP_ANALYSIS = YES;
				CLANG_WARN_STRICT_PROTOTYPES = YES;
				CLANG_WARN_SUSPICIOUS_MOVE = YES;
				CLANG_WARN_UNGUARDED_AVAILABILITY = YES_AGGRESSIVE;
				CLANG_WARN_UNREACHABLE_CODE = YES;
				CLANG_WARN__DUPLICATE_METHOD_MATCH = YES;
				COPY_PHASE_STRIP = NO;
				DEBUG_INFORMATION_FORMAT = "dwarf-with-dsym";
				ENABLE_NS_ASSERTIONS = NO;
				ENABLE_STRICT_OBJC_MSGSEND = YES;
				ENABLE_USER_SCRIPT_SANDBOXING = YES;
				GCC_C_LANGUAGE_STANDARD = gnu17;
				GCC_NO_COMMON_BLOCKS = YES;
				GCC_WARN_64_TO_32_BIT_CONVERSION = YES;
				GCC_WARN_ABOUT_RETURN_TYPE = YES_ERROR;
				GCC_WARN_UNDECLARED_SELECTOR = YES;
				GCC_WARN_UNINITIALIZED_AUTOS = YES_AGGRESSIVE;
				GCC_WARN_UNUSED_FUNCTION = YES;
				GCC_WARN_UNUSED_VARIABLE = YES;
				LOCALIZATION_PREFERS_STRING_CATALOGS = YES;
				MTL_ENABLE_DEBUG_INFO = NO;
				MTL_FAST_MATH = YES;
				SWIFT_COMPILATION_MODE = wholemodule;
			};
			name = Release;
		};
		D6A3E5FC2BD16E8600CB52B4 /* Debug */ = {
			isa = XCBuildConfiguration;
			buildSettings = {
				ASSETCATALOG_COMPILER_APPICON_NAME = AppIcon;
				ASSETCATALOG_COMPILER_GLOBAL_ACCENT_COLOR_NAME = AccentColor;
				CODE_SIGN_ENTITLEMENTS = Pokedex/Pokedex.entitlements;
				CODE_SIGN_STYLE = Automatic;
				CURRENT_PROJECT_VERSION = 1;
				DEVELOPMENT_ASSET_PATHS = "\"Pokedex/Preview Content\"";
				ENABLE_PREVIEWS = YES;
				GENERATE_INFOPLIST_FILE = YES;
				"INFOPLIST_KEY_UIApplicationSceneManifest_Generation[sdk=iphoneos*]" = YES;
				"INFOPLIST_KEY_UIApplicationSceneManifest_Generation[sdk=iphonesimulator*]" = YES;
				"INFOPLIST_KEY_UIApplicationSupportsIndirectInputEvents[sdk=iphoneos*]" = YES;
				"INFOPLIST_KEY_UIApplicationSupportsIndirectInputEvents[sdk=iphonesimulator*]" = YES;
				"INFOPLIST_KEY_UILaunchScreen_Generation[sdk=iphoneos*]" = YES;
				"INFOPLIST_KEY_UILaunchScreen_Generation[sdk=iphonesimulator*]" = YES;
				"INFOPLIST_KEY_UIStatusBarStyle[sdk=iphoneos*]" = UIStatusBarStyleDefault;
				"INFOPLIST_KEY_UIStatusBarStyle[sdk=iphonesimulator*]" = UIStatusBarStyleDefault;
				INFOPLIST_KEY_UISupportedInterfaceOrientations_iPad = "UIInterfaceOrientationPortrait UIInterfaceOrientationPortraitUpsideDown UIInterfaceOrientationLandscapeLeft UIInterfaceOrientationLandscapeRight";
				INFOPLIST_KEY_UISupportedInterfaceOrientations_iPhone = "UIInterfaceOrientationPortrait UIInterfaceOrientationLandscapeLeft UIInterfaceOrientationLandscapeRight";
				IPHONEOS_DEPLOYMENT_TARGET = 17.0;
				LD_RUNPATH_SEARCH_PATHS = "@executable_path/Frameworks";
				"LD_RUNPATH_SEARCH_PATHS[sdk=macosx*]" = "@executable_path/../Frameworks";
				MACOSX_DEPLOYMENT_TARGET = 14.0;
				MARKETING_VERSION = 1.0;
				PRODUCT_BUNDLE_IDENTIFIER = com.kroger.Pokedex;
				PRODUCT_NAME = "$(TARGET_NAME)";
				SDKROOT = auto;
				SUPPORTED_PLATFORMS = "iphoneos iphonesimulator macosx";
				SWIFT_EMIT_LOC_STRINGS = YES;
				SWIFT_VERSION = 5.0;
				TARGETED_DEVICE_FAMILY = "1,2";
			};
			name = Debug;
		};
		D6A3E5FD2BD16E8600CB52B4 /* Release */ = {
			isa = XCBuildConfiguration;
			buildSettings = {
				ASSETCATALOG_COMPILER_APPICON_NAME = AppIcon;
				ASSETCATALOG_COMPILER_GLOBAL_ACCENT_COLOR_NAME = AccentColor;
				CODE_SIGN_ENTITLEMENTS = Pokedex/Pokedex.entitlements;
				CODE_SIGN_STYLE = Automatic;
				CURRENT_PROJECT_VERSION = 1;
				DEVELOPMENT_ASSET_PATHS = "\"Pokedex/Preview Content\"";
				ENABLE_PREVIEWS = YES;
				GENERATE_INFOPLIST_FILE = YES;
				"INFOPLIST_KEY_UIApplicationSceneManifest_Generation[sdk=iphoneos*]" = YES;
				"INFOPLIST_KEY_UIApplicationSceneManifest_Generation[sdk=iphonesimulator*]" = YES;
				"INFOPLIST_KEY_UIApplicationSupportsIndirectInputEvents[sdk=iphoneos*]" = YES;
				"INFOPLIST_KEY_UIApplicationSupportsIndirectInputEvents[sdk=iphonesimulator*]" = YES;
				"INFOPLIST_KEY_UILaunchScreen_Generation[sdk=iphoneos*]" = YES;
				"INFOPLIST_KEY_UILaunchScreen_Generation[sdk=iphonesimulator*]" = YES;
				"INFOPLIST_KEY_UIStatusBarStyle[sdk=iphoneos*]" = UIStatusBarStyleDefault;
				"INFOPLIST_KEY_UIStatusBarStyle[sdk=iphonesimulator*]" = UIStatusBarStyleDefault;
				INFOPLIST_KEY_UISupportedInterfaceOrientations_iPad = "UIInterfaceOrientationPortrait UIInterfaceOrientationPortraitUpsideDown UIInterfaceOrientationLandscapeLeft UIInterfaceOrientationLandscapeRight";
				INFOPLIST_KEY_UISupportedInterfaceOrientations_iPhone = "UIInterfaceOrientationPortrait UIInterfaceOrientationLandscapeLeft UIInterfaceOrientationLandscapeRight";
				IPHONEOS_DEPLOYMENT_TARGET = 17.0;
				LD_RUNPATH_SEARCH_PATHS = "@executable_path/Frameworks";
				"LD_RUNPATH_SEARCH_PATHS[sdk=macosx*]" = "@executable_path/../Frameworks";
				MACOSX_DEPLOYMENT_TARGET = 14.0;
				MARKETING_VERSION = 1.0;
				PRODUCT_BUNDLE_IDENTIFIER = com.kroger.Pokedex;
				PRODUCT_NAME = "$(TARGET_NAME)";
				SDKROOT = auto;
				SUPPORTED_PLATFORMS = "iphoneos iphonesimulator macosx";
				SWIFT_EMIT_LOC_STRINGS = YES;
				SWIFT_VERSION = 5.0;
				TARGETED_DEVICE_FAMILY = "1,2";
			};
			name = Release;
		};
		D6A3E5FF2BD16E8600CB52B4 /* Debug */ = {
			isa = XCBuildConfiguration;
			buildSettings = {
				ALWAYS_EMBED_SWIFT_STANDARD_LIBRARIES = YES;
				BUNDLE_LOADER = "$(TEST_HOST)";
				CODE_SIGN_STYLE = Automatic;
				CURRENT_PROJECT_VERSION = 1;
				GENERATE_INFOPLIST_FILE = YES;
				IPHONEOS_DEPLOYMENT_TARGET = 17.0;
				MACOSX_DEPLOYMENT_TARGET = 14.0;
				MARKETING_VERSION = 1.0;
				PRODUCT_BUNDLE_IDENTIFIER = com.kroger.PokedexTests;
				PRODUCT_NAME = "$(TARGET_NAME)";
				SDKROOT = auto;
				SUPPORTED_PLATFORMS = "iphoneos iphonesimulator macosx";
				SWIFT_EMIT_LOC_STRINGS = NO;
				SWIFT_VERSION = 5.0;
				TARGETED_DEVICE_FAMILY = "1,2";
				TEST_HOST = "$(BUILT_PRODUCTS_DIR)/Pokedex.app/$(BUNDLE_EXECUTABLE_FOLDER_PATH)/Pokedex";
			};
			name = Debug;
		};
		D6A3E6002BD16E8600CB52B4 /* Release */ = {
			isa = XCBuildConfiguration;
			buildSettings = {
				ALWAYS_EMBED_SWIFT_STANDARD_LIBRARIES = YES;
				BUNDLE_LOADER = "$(TEST_HOST)";
				CODE_SIGN_STYLE = Automatic;
				CURRENT_PROJECT_VERSION = 1;
				GENERATE_INFOPLIST_FILE = YES;
				IPHONEOS_DEPLOYMENT_TARGET = 17.0;
				MACOSX_DEPLOYMENT_TARGET = 14.0;
				MARKETING_VERSION = 1.0;
				PRODUCT_BUNDLE_IDENTIFIER = com.kroger.PokedexTests;
				PRODUCT_NAME = "$(TARGET_NAME)";
				SDKROOT = auto;
				SUPPORTED_PLATFORMS = "iphoneos iphonesimulator macosx";
				SWIFT_EMIT_LOC_STRINGS = NO;
				SWIFT_VERSION = 5.0;
				TARGETED_DEVICE_FAMILY = "1,2";
				TEST_HOST = "$(BUILT_PRODUCTS_DIR)/Pokedex.app/$(BUNDLE_EXECUTABLE_FOLDER_PATH)/Pokedex";
			};
			name = Release;
		};
		D6A3E6022BD16E8600CB52B4 /* Debug */ = {
			isa = XCBuildConfiguration;
			buildSettings = {
				ALWAYS_EMBED_SWIFT_STANDARD_LIBRARIES = YES;
				CODE_SIGN_STYLE = Automatic;
				CURRENT_PROJECT_VERSION = 1;
				GENERATE_INFOPLIST_FILE = YES;
				IPHONEOS_DEPLOYMENT_TARGET = 17.0;
				MACOSX_DEPLOYMENT_TARGET = 14.0;
				MARKETING_VERSION = 1.0;
				PRODUCT_BUNDLE_IDENTIFIER = com.kroger.PokedexUITests;
				PRODUCT_NAME = "$(TARGET_NAME)";
				SDKROOT = auto;
				SUPPORTED_PLATFORMS = "iphoneos iphonesimulator macosx";
				SWIFT_EMIT_LOC_STRINGS = NO;
				SWIFT_VERSION = 5.0;
				TARGETED_DEVICE_FAMILY = "1,2";
				TEST_TARGET_NAME = Pokedex;
			};
			name = Debug;
		};
		D6A3E6032BD16E8600CB52B4 /* Release */ = {
			isa = XCBuildConfiguration;
			buildSettings = {
				ALWAYS_EMBED_SWIFT_STANDARD_LIBRARIES = YES;
				CODE_SIGN_STYLE = Automatic;
				CURRENT_PROJECT_VERSION = 1;
				GENERATE_INFOPLIST_FILE = YES;
				IPHONEOS_DEPLOYMENT_TARGET = 17.0;
				MACOSX_DEPLOYMENT_TARGET = 14.0;
				MARKETING_VERSION = 1.0;
				PRODUCT_BUNDLE_IDENTIFIER = com.kroger.PokedexUITests;
				PRODUCT_NAME = "$(TARGET_NAME)";
				SDKROOT = auto;
				SUPPORTED_PLATFORMS = "iphoneos iphonesimulator macosx";
				SWIFT_EMIT_LOC_STRINGS = NO;
				SWIFT_VERSION = 5.0;
				TARGETED_DEVICE_FAMILY = "1,2";
				TEST_TARGET_NAME = Pokedex;
			};
			name = Release;
		};
/* End XCBuildConfiguration section */

/* Begin XCConfigurationList section */
		D6A3E5D12BD16E8500CB52B4 /* Build configuration list for PBXProject "Pokedex" */ = {
			isa = XCConfigurationList;
			buildConfigurations = (
				D6A3E5F92BD16E8600CB52B4 /* Debug */,
				D6A3E5FA2BD16E8600CB52B4 /* Release */,
			);
			defaultConfigurationIsVisible = 0;
			defaultConfigurationName = Release;
		};
		D6A3E5FB2BD16E8600CB52B4 /* Build configuration list for PBXNativeTarget "Pokedex" */ = {
			isa = XCConfigurationList;
			buildConfigurations = (
				D6A3E5FC2BD16E8600CB52B4 /* Debug */,
				D6A3E5FD2BD16E8600CB52B4 /* Release */,
			);
			defaultConfigurationIsVisible = 0;
			defaultConfigurationName = Release;
		};
		D6A3E5FE2BD16E8600CB52B4 /* Build configuration list for PBXNativeTarget "PokedexTests" */ = {
			isa = XCConfigurationList;
			buildConfigurations = (
				D6A3E5FF2BD16E8600CB52B4 /* Debug */,
				D6A3E6002BD16E8600CB52B4 /* Release */,
			);
			defaultConfigurationIsVisible = 0;
			defaultConfigurationName = Release;
		};
		D6A3E6012BD16E8600CB52B4 /* Build configuration list for PBXNativeTarget "PokedexUITests" */ = {
			isa = XCConfigurationList;
			buildConfigurations = (
				D6A3E6022BD16E8600CB52B4 /* Debug */,
				D6A3E6032BD16E8600CB52B4 /* Release */,
			);
			defaultConfigurationIsVisible = 0;
			defaultConfigurationName = Release;
		};
/* End XCConfigurationList section */
	};
	rootObject = D6A3E5CE2BD16E8500CB52B4 /* Project object */;
}
